
Microsoft Visual Studio Solution File, Format Version 12.00
# Visual Studio Version 17
VisualStudioVersion = 17.3.32811.315
MinimumVisualStudioVersion = 10.0.40219.1
Project("{9A19103F-16F7-4668-BE54-9A1E7A4F7556}") = "Quipu.ShoppingPlan", "Quipu.ShoppingPlan\Quipu.ShoppingPlan.csproj", "{C56F9759-8AF7-4B7E-AA1F-AAD492975139}"
EndProject
Project("{9A19103F-16F7-4668-BE54-9A1E7A4F7556}") = "Quipu.ShoppingPlan.Repository", "Quipu.ShoppingPlan.Repository\Quipu.ShoppingPlan.Repository.csproj", "{3F22F703-8F0A-495B-9EE8-175DE3ED7602}"
EndProject
Project("{9A19103F-16F7-4668-BE54-9A1E7A4F7556}") = "Quipu.ShoppingPlan.WebApi", "Quipu.ShoppingPlan.WebApi\Quipu.ShoppingPlan.WebApi.csproj", "{72D35461-0A97-4146-8661-021EA92A0AE3}"
EndProject
Project("{FAE04EC0-301F-11D3-BF4B-00C04F79EFBC}") = "Quipu.ShoppingPlan.Domain", "Quipu.ShoppingPlan.Domain\Quipu.ShoppingPlan.Domain.csproj", "{62A57086-268A-49FE-A2E0-C17599D3FA9B}"
EndProject
Global
	GlobalSection(SolutionConfigurationPlatforms) = preSolution
		Debug|Any CPU = Debug|Any CPU
		Release|Any CPU = Release|Any CPU
	EndGlobalSection
	GlobalSection(ProjectConfigurationPlatforms) = postSolution
		{C56F9759-8AF7-4B7E-AA1F-AAD492975139}.Debug|Any CPU.ActiveCfg = Debug|Any CPU
		{C56F9759-8AF7-4B7E-AA1F-AAD492975139}.Debug|Any CPU.Build.0 = Debug|Any CPU
		{C56F9759-8AF7-4B7E-AA1F-AAD492975139}.Release|Any CPU.ActiveCfg = Release|Any CPU
		{C56F9759-8AF7-4B7E-AA1F-AAD492975139}.Release|Any CPU.Build.0 = Release|Any CPU
		{3F22F703-8F0A-495B-9EE8-175DE3ED7602}.Debug|Any CPU.ActiveCfg = Debug|Any CPU
		{3F22F703-8F0A-495B-9EE8-175DE3ED7602}.Debug|Any CPU.Build.0 = Debug|Any CPU
		{3F22F703-8F0A-495B-9EE8-175DE3ED7602}.Release|Any CPU.ActiveCfg = Release|Any CPU
		{3F22F703-8F0A-495B-9EE8-175DE3ED7602}.Release|Any CPU.Build.0 = Release|Any CPU
		{72D35461-0A97-4146-8661-021EA92A0AE3}.Debug|Any CPU.ActiveCfg = Debug|Any CPU
		{72D35461-0A97-4146-8661-021EA92A0AE3}.Debug|Any CPU.Build.0 = Debug|Any CPU
		{72D35461-0A97-4146-8661-021EA92A0AE3}.Release|Any CPU.ActiveCfg = Release|Any CPU
		{72D35461-0A97-4146-8661-021EA92A0AE3}.Release|Any CPU.Build.0 = Release|Any CPU
		{62A57086-268A-49FE-A2E0-C17599D3FA9B}.Debug|Any CPU.ActiveCfg = Debug|Any CPU
		{62A57086-268A-49FE-A2E0-C17599D3FA9B}.Debug|Any CPU.Build.0 = Debug|Any CPU
		{62A57086-268A-49FE-A2E0-C17599D3FA9B}.Release|Any CPU.ActiveCfg = Release|Any CPU
		{62A57086-268A-49FE-A2E0-C17599D3FA9B}.Release|Any CPU.Build.0 = Release|Any CPU
	EndGlobalSection
	GlobalSection(SolutionProperties) = preSolution
		HideSolutionNode = FALSE
	EndGlobalSection
	GlobalSection(ExtensibilityGlobals) = postSolution
		SolutionGuid = {4E35E0BD-B67A-4EF7-9594-AF8C5AAF6E19}
	EndGlobalSection
EndGlobal
